
Microsoft Visual Studio Solution File, Format Version 12.00
# Visual Studio Version 17
VisualStudioVersion = 17.7.34031.279
MinimumVisualStudioVersion = 10.0.40219.1
Project("{888888A0-9F3D-457C-B088-3A5042F75D52}") = "practica5.py", "practica5.py\practica5.py.pyproj", "{490D3524-B96E-4CDC-BB62-F75FCF2352F0}"
EndProject
Global
	GlobalSection(SolutionConfigurationPlatforms) = preSolution
		Debug|Any CPU = Debug|Any CPU
		Release|Any CPU = Release|Any CPU
	EndGlobalSection
	GlobalSection(ProjectConfigurationPlatforms) = postSolution
		{490D3524-B96E-4CDC-BB62-F75FCF2352F0}.Debug|Any CPU.ActiveCfg = Debug|Any CPU
		{490D3524-B96E-4CDC-BB62-F75FCF2352F0}.Release|Any CPU.ActiveCfg = Release|Any CPU
	EndGlobalSection
	GlobalSection(SolutionProperties) = preSolution
		HideSolutionNode = FALSE
	EndGlobalSection
	GlobalSection(ExtensibilityGlobals) = postSolution
		SolutionGuid = {88C80A2D-4D11-4221-A90B-13BDE8748319}
	EndGlobalSection
EndGlobal
